
Microsoft Visual Studio Solution File, Format Version 12.00
# Visual Studio Version 16
VisualStudioVersion = 16.0.32002.261
MinimumVisualStudioVersion = 10.0.40219.1
Project("{9A19103F-16F7-4668-BE54-9A1E7A4F7556}") = "StringCalculatorUnitTest", "TestProject1\StringCalculatorUnitTest.csproj", "{251F67BB-042B-4DF1-8310-7DC3E428CFCB}"
EndProject
Project("{9A19103F-16F7-4668-BE54-9A1E7A4F7556}") = "StringCalculator.Web", "StringCalculator.Web\StringCalculator.Web.csproj", "{F0E36D8B-68F1-49AE-9C6B-EF8C513606D7}"
EndProject
Global
	GlobalSection(SolutionConfigurationPlatforms) = preSolution
		Debug|Any CPU = Debug|Any CPU
		Release|Any CPU = Release|Any CPU
	EndGlobalSection
	GlobalSection(ProjectConfigurationPlatforms) = postSolution
		{251F67BB-042B-4DF1-8310-7DC3E428CFCB}.Debug|Any CPU.ActiveCfg = Debug|Any CPU
		{251F67BB-042B-4DF1-8310-7DC3E428CFCB}.Debug|Any CPU.Build.0 = Debug|Any CPU
		{251F67BB-042B-4DF1-8310-7DC3E428CFCB}.Release|Any CPU.ActiveCfg = Release|Any CPU
		{251F67BB-042B-4DF1-8310-7DC3E428CFCB}.Release|Any CPU.Build.0 = Release|Any CPU
		{F0E36D8B-68F1-49AE-9C6B-EF8C513606D7}.Debug|Any CPU.ActiveCfg = Debug|Any CPU
		{F0E36D8B-68F1-49AE-9C6B-EF8C513606D7}.Debug|Any CPU.Build.0 = Debug|Any CPU
		{F0E36D8B-68F1-49AE-9C6B-EF8C513606D7}.Release|Any CPU.ActiveCfg = Release|Any CPU
		{F0E36D8B-68F1-49AE-9C6B-EF8C513606D7}.Release|Any CPU.Build.0 = Release|Any CPU
	EndGlobalSection
	GlobalSection(SolutionProperties) = preSolution
		HideSolutionNode = FALSE
	EndGlobalSection
	GlobalSection(ExtensibilityGlobals) = postSolution
		SolutionGuid = {F2DE89B2-6A57-4FD7-A675-940F947A579D}
	EndGlobalSection
EndGlobal
